{
  "originHash" : "ee5da01ebdb136528a0a94cbfe113b4712fbc714642275c7864b3a4c4f819cf2",
  "pins" : [
    {
      "identity" : "swifttaglib.cpp",
      "kind" : "remoteSourceControl",
      "location" : "https://github.com/Anywhere-Music-Player/SwiftTagLib.cpp",
      "state" : {
        "branch" : "main",
        "revision" : "a9143b160fbf1bad9b4039ce3a6628b9c8da447b"
      }
    }
  ],
  "version" : 3
}
