{
  "originHash" : "035bb0a78a0ad66eff5f5cc0c5898ee13e49be1d1185e379d612b5d39edea371",
  "pins" : [
    {
      "identity" : "dominantcolors",
      "kind" : "remoteSourceControl",
      "location" : "https://github.com/DenDmitriev/DominantColors",
      "state" : {
        "branch" : "main",
        "revision" : "a05327d36092c47e9ddc77ce565eb35a5b4a4a6e"
      }
    },
    {
      "identity" : "glur",
      "kind" : "remoteSourceControl",
      "location" : "https://github.com/joogps/Glur",
      "state" : {
        "revision" : "178af6499ed7957c7f91187fdee2b09d322f5b87",
        "version" : "1.1.0"
      }
    },
    {
      "identity" : "swifttaglib.cpp",
      "kind" : "remoteSourceControl",
      "location" : "https://github.com/Anywhere-Music-Player/SwiftTagLib.cpp",
      "state" : {
        "branch" : "main",
        "revision" : "a9143b160fbf1bad9b4039ce3a6628b9c8da447b"
      }
    }
  ],
  "version" : 3
}
