{
  "originHash" : "e40a8787ab8b32f52311840fa80f68959cbbe3367df6b19091cf0555a814a6de",
  "pins" : [
    {
      "identity" : "dominantcolors",
      "kind" : "remoteSourceControl",
      "location" : "https://github.com/DenDmitriev/DominantColors",
      "state" : {
        "branch" : "main",
        "revision" : "a05327d36092c47e9ddc77ce565eb35a5b4a4a6e"
      }
    },
    {
      "identity" : "swifttaglib.cpp",
      "kind" : "remoteSourceControl",
      "location" : "https://github.com/Anywhere-Music-Player/SwiftTagLib.cpp",
      "state" : {
        "branch" : "main",
        "revision" : "a9143b160fbf1bad9b4039ce3a6628b9c8da447b"
      }
    }
  ],
  "version" : 3
}
